
Microsoft Visual Studio Solution File, Format Version 12.00
# Visual Studio Version 17
VisualStudioVersion = 17.9.34723.18
MinimumVisualStudioVersion = 10.0.40219.1
Project("{FAE04EC0-301F-11D3-BF4B-00C04F79EFBC}") = "Control_Flow", "Control_Flow\Control_Flow.csproj", "{6750B204-C7C1-4129-AEA4-141DD87B662E}"
EndProject
Global
	GlobalSection(SolutionConfigurationPlatforms) = preSolution
		Debug|Any CPU = Debug|Any CPU
		Release|Any CPU = Release|Any CPU
	EndGlobalSection
	GlobalSection(ProjectConfigurationPlatforms) = postSolution
		{6750B204-C7C1-4129-AEA4-141DD87B662E}.Debug|Any CPU.ActiveCfg = Debug|Any CPU
		{6750B204-C7C1-4129-AEA4-141DD87B662E}.Debug|Any CPU.Build.0 = Debug|Any CPU
		{6750B204-C7C1-4129-AEA4-141DD87B662E}.Release|Any CPU.ActiveCfg = Release|Any CPU
		{6750B204-C7C1-4129-AEA4-141DD87B662E}.Release|Any CPU.Build.0 = Release|Any CPU
	EndGlobalSection
	GlobalSection(SolutionProperties) = preSolution
		HideSolutionNode = FALSE
	EndGlobalSection
	GlobalSection(ExtensibilityGlobals) = postSolution
		SolutionGuid = {D1BAB737-7940-466E-A529-3225CF3C8A3A}
	EndGlobalSection
EndGlobal
