
Microsoft Visual Studio Solution File, Format Version 12.00
# Visual Studio Version 17
VisualStudioVersion = 17.9.34723.18
MinimumVisualStudioVersion = 10.0.40219.1
Project("{FAE04EC0-301F-11D3-BF4B-00C04F79EFBC}") = "MyfirstProgram", "MyfirstProgram\MyfirstProgram.csproj", "{BB36727E-0104-4963-95AD-2EDEF25C2AAB}"
EndProject
Global
	GlobalSection(SolutionConfigurationPlatforms) = preSolution
		Debug|Any CPU = Debug|Any CPU
		Release|Any CPU = Release|Any CPU
	EndGlobalSection
	GlobalSection(ProjectConfigurationPlatforms) = postSolution
		{BB36727E-0104-4963-95AD-2EDEF25C2AAB}.Debug|Any CPU.ActiveCfg = Debug|Any CPU
		{BB36727E-0104-4963-95AD-2EDEF25C2AAB}.Debug|Any CPU.Build.0 = Debug|Any CPU
		{BB36727E-0104-4963-95AD-2EDEF25C2AAB}.Release|Any CPU.ActiveCfg = Release|Any CPU
		{BB36727E-0104-4963-95AD-2EDEF25C2AAB}.Release|Any CPU.Build.0 = Release|Any CPU
	EndGlobalSection
	GlobalSection(SolutionProperties) = preSolution
		HideSolutionNode = FALSE
	EndGlobalSection
	GlobalSection(ExtensibilityGlobals) = postSolution
		SolutionGuid = {6BFC325D-41F4-4797-A56E-33F943564D65}
	EndGlobalSection
EndGlobal
